
Microsoft Visual Studio Solution File, Format Version 12.00
# Visual Studio Version 17
VisualStudioVersion = 17.3.32901.215
MinimumVisualStudioVersion = 10.0.40219.1
Project("{8BC9CEB8-8B4A-11D0-8D11-00A0C91BC942}") = "homework14", "homework14\homework14.vcxproj", "{E58D1A87-1925-412B-A506-3E9398E2AD70}"
EndProject
Global
	GlobalSection(SolutionConfigurationPlatforms) = preSolution
		Debug|x64 = Debug|x64
		Debug|x86 = Debug|x86
		Release|x64 = Release|x64
		Release|x86 = Release|x86
	EndGlobalSection
	GlobalSection(ProjectConfigurationPlatforms) = postSolution
		{E58D1A87-1925-412B-A506-3E9398E2AD70}.Debug|x64.ActiveCfg = Debug|x64
		{E58D1A87-1925-412B-A506-3E9398E2AD70}.Debug|x64.Build.0 = Debug|x64
		{E58D1A87-1925-412B-A506-3E9398E2AD70}.Debug|x86.ActiveCfg = Debug|Win32
		{E58D1A87-1925-412B-A506-3E9398E2AD70}.Debug|x86.Build.0 = Debug|Win32
		{E58D1A87-1925-412B-A506-3E9398E2AD70}.Release|x64.ActiveCfg = Release|x64
		{E58D1A87-1925-412B-A506-3E9398E2AD70}.Release|x64.Build.0 = Release|x64
		{E58D1A87-1925-412B-A506-3E9398E2AD70}.Release|x86.ActiveCfg = Release|Win32
		{E58D1A87-1925-412B-A506-3E9398E2AD70}.Release|x86.Build.0 = Release|Win32
	EndGlobalSection
	GlobalSection(SolutionProperties) = preSolution
		HideSolutionNode = FALSE
	EndGlobalSection
	GlobalSection(ExtensibilityGlobals) = postSolution
		SolutionGuid = {3BC91DF8-9C24-4BFC-98B8-20FA64890192}
	EndGlobalSection
EndGlobal
